{
    "name": "pattern-bot",
    "version": "1.2.0",
    "lockfileVersion": 3,
    "requires": true,
    "packages": {
        "": {
            "name": "pattern-bot",
            "version": "1.2.0",
            "license": "MIT",
            "dependencies": {
                "consola": "^3.4.2",
                "discord.js": "^14.23.2",
                "dotenv": "^17.2.2",
                "winston": "^3.17.0",
                "winston-daily-rotate-file": "^5.0.0"
            }
        },
        "node_modules/@colors/colors": {
            "version": "1.6.0",
            "license": "MIT",
            "engines": {
                "node": ">=0.1.90"
            }
        },
        "node_modules/@dabh/diagnostics": {
            "version": "2.0.3",
            "license": "MIT",
            "dependencies": {
                "colorspace": "1.1.x",
                "enabled": "2.0.x",
                "kuler": "^2.0.0"
            }
        },
        "node_modules/@discordjs/builders": {
            "version": "1.12.2",
            "resolved": "https://registry.npmjs.org/@discordjs/builders/-/builders-1.12.2.tgz",
            "integrity": "sha512-AugKmrgRJOHXEyMkABH/hXpAmIBKbYokCEl9VAM4Kh6FvkdobQ+Zhv7AR6K+y5hS7+VQ7gKXPYCe1JQmV07H1g==",
            "license": "Apache-2.0",
            "dependencies": {
                "@discordjs/formatters": "^0.6.1",
                "@discordjs/util": "^1.1.1",
                "@sapphire/shapeshift": "^4.0.0",
                "discord-api-types": "^0.38.26",
                "fast-deep-equal": "^3.1.3",
                "ts-mixer": "^6.0.4",
                "tslib": "^2.6.3"
            },
            "engines": {
                "node": ">=16.11.0"
            },
            "funding": {
                "url": "https://github.com/discordjs/discord.js?sponsor"
            }
        },
        "node_modules/@discordjs/collection": {
            "version": "1.5.3",
            "license": "Apache-2.0",
            "engines": {
                "node": ">=16.11.0"
            }
        },
        "node_modules/@discordjs/formatters": {
            "version": "0.6.1",
            "resolved": "https://registry.npmjs.org/@discordjs/formatters/-/formatters-0.6.1.tgz",
            "integrity": "sha512-5cnX+tASiPCqCWtFcFslxBVUaCetB0thvM/JyavhbXInP1HJIEU+Qv/zMrnuwSsX3yWH2lVXNJZeDK3EiP4HHg==",
            "license": "Apache-2.0",
            "dependencies": {
                "discord-api-types": "^0.38.1"
            },
            "engines": {
                "node": ">=16.11.0"
            },
            "funding": {
                "url": "https://github.com/discordjs/discord.js?sponsor"
            }
        },
        "node_modules/@discordjs/rest": {
            "version": "2.6.0",
            "license": "Apache-2.0",
            "dependencies": {
                "@discordjs/collection": "^2.1.1",
                "@discordjs/util": "^1.1.1",
                "@sapphire/async-queue": "^1.5.3",
                "@sapphire/snowflake": "^3.5.3",
                "@vladfrangu/async_event_emitter": "^2.4.6",
                "discord-api-types": "^0.38.16",
                "magic-bytes.js": "^1.10.0",
                "tslib": "^2.6.3",
                "undici": "6.21.3"
            },
            "engines": {
                "node": ">=18"
            },
            "funding": {
                "url": "https://github.com/discordjs/discord.js?sponsor"
            }
        },
        "node_modules/@discordjs/rest/node_modules/@discordjs/collection": {
            "version": "2.1.1",
            "license": "Apache-2.0",
            "engines": {
                "node": ">=18"
            },
            "funding": {
                "url": "https://github.com/discordjs/discord.js?sponsor"
            }
        },
        "node_modules/@discordjs/util": {
            "version": "1.1.1",
            "license": "Apache-2.0",
            "engines": {
                "node": ">=18"
            },
            "funding": {
                "url": "https://github.com/discordjs/discord.js?sponsor"
            }
        },
        "node_modules/@discordjs/ws": {
            "version": "1.2.3",
            "license": "Apache-2.0",
            "dependencies": {
                "@discordjs/collection": "^2.1.0",
                "@discordjs/rest": "^2.5.1",
                "@discordjs/util": "^1.1.0",
                "@sapphire/async-queue": "^1.5.2",
                "@types/ws": "^8.5.10",
                "@vladfrangu/async_event_emitter": "^2.2.4",
                "discord-api-types": "^0.38.1",
                "tslib": "^2.6.2",
                "ws": "^8.17.0"
            },
            "engines": {
                "node": ">=16.11.0"
            },
            "funding": {
                "url": "https://github.com/discordjs/discord.js?sponsor"
            }
        },
        "node_modules/@discordjs/ws/node_modules/@discordjs/collection": {
            "version": "2.1.1",
            "license": "Apache-2.0",
            "engines": {
                "node": ">=18"
            },
            "funding": {
                "url": "https://github.com/discordjs/discord.js?sponsor"
            }
        },
        "node_modules/@sapphire/async-queue": {
            "version": "1.5.5",
            "license": "MIT",
            "engines": {
                "node": ">=v14.0.0",
                "npm": ">=7.0.0"
            }
        },
        "node_modules/@sapphire/shapeshift": {
            "version": "4.0.0",
            "resolved": "https://registry.npmjs.org/@sapphire/shapeshift/-/shapeshift-4.0.0.tgz",
            "integrity": "sha512-d9dUmWVA7MMiKobL3VpLF8P2aeanRTu6ypG2OIaEv/ZHH/SUQ2iHOVyi5wAPjQ+HmnMuL0whK9ez8I/raWbtIg==",
            "license": "MIT",
            "dependencies": {
                "fast-deep-equal": "^3.1.3",
                "lodash": "^4.17.21"
            },
            "engines": {
                "node": ">=v16"
            }
        },
        "node_modules/@sapphire/snowflake": {
            "version": "3.5.3",
            "license": "MIT",
            "engines": {
                "node": ">=v14.0.0",
                "npm": ">=7.0.0"
            }
        },
        "node_modules/@types/node": {
            "version": "24.3.0",
            "license": "MIT",
            "dependencies": {
                "undici-types": "~7.10.0"
            }
        },
        "node_modules/@types/triple-beam": {
            "version": "1.3.5",
            "license": "MIT"
        },
        "node_modules/@types/ws": {
            "version": "8.18.1",
            "license": "MIT",
            "dependencies": {
                "@types/node": "*"
            }
        },
        "node_modules/@vladfrangu/async_event_emitter": {
            "version": "2.4.6",
            "license": "MIT",
            "engines": {
                "node": ">=v14.0.0",
                "npm": ">=7.0.0"
            }
        },
        "node_modules/async": {
            "version": "3.2.6",
            "license": "MIT"
        },
        "node_modules/color": {
            "version": "3.2.1",
            "license": "MIT",
            "dependencies": {
                "color-convert": "^1.9.3",
                "color-string": "^1.6.0"
            }
        },
        "node_modules/color-convert": {
            "version": "1.9.3",
            "license": "MIT",
            "dependencies": {
                "color-name": "1.1.3"
            }
        },
        "node_modules/color-name": {
            "version": "1.1.3",
            "license": "MIT"
        },
        "node_modules/color-string": {
            "version": "1.9.1",
            "license": "MIT",
            "dependencies": {
                "color-name": "^1.0.0",
                "simple-swizzle": "^0.2.2"
            }
        },
        "node_modules/colorspace": {
            "version": "1.1.4",
            "license": "MIT",
            "dependencies": {
                "color": "^3.1.3",
                "text-hex": "1.0.x"
            }
        },
        "node_modules/consola": {
            "version": "3.4.2",
            "resolved": "https://registry.npmjs.org/consola/-/consola-3.4.2.tgz",
            "integrity": "sha512-5IKcdX0nnYavi6G7TtOhwkYzyjfJlatbjMjuLSfE2kYT5pMDOilZ4OvMhi637CcDICTmz3wARPoyhqyX1Y+XvA==",
            "license": "MIT",
            "engines": {
                "node": "^14.18.0 || >=16.10.0"
            }
        },
        "node_modules/discord-api-types": {
            "version": "0.38.29",
            "resolved": "https://registry.npmjs.org/discord-api-types/-/discord-api-types-0.38.29.tgz",
            "integrity": "sha512-+5BfrjLJN1hrrcK0MxDQli6NSv5lQH7Y3/qaOfk9+k7itex8RkA/UcevVMMLe8B4IKIawr4ITBTb2fBB2vDORg==",
            "license": "MIT",
            "workspaces": [
                "scripts/actions/documentation"
            ]
        },
        "node_modules/discord.js": {
            "version": "14.23.2",
            "resolved": "https://registry.npmjs.org/discord.js/-/discord.js-14.23.2.tgz",
            "integrity": "sha512-tU2NFr823X3TXEc8KyR/4m296KLxPai4nirN3q9kHCpY4TKj96n9lHZnyLzRNMui8EbL07jg9hgH2PWWfKMGIg==",
            "license": "Apache-2.0",
            "dependencies": {
                "@discordjs/builders": "^1.12.1",
                "@discordjs/collection": "1.5.3",
                "@discordjs/formatters": "^0.6.1",
                "@discordjs/rest": "^2.6.0",
                "@discordjs/util": "^1.1.1",
                "@discordjs/ws": "^1.2.3",
                "@sapphire/snowflake": "3.5.3",
                "discord-api-types": "^0.38.29",
                "fast-deep-equal": "3.1.3",
                "lodash.snakecase": "4.1.1",
                "magic-bytes.js": "^1.10.0",
                "tslib": "^2.6.3",
                "undici": "6.21.3"
            },
            "engines": {
                "node": ">=18"
            },
            "funding": {
                "url": "https://github.com/discordjs/discord.js?sponsor"
            }
        },
        "node_modules/dotenv": {
            "version": "17.2.2",
            "resolved": "https://registry.npmjs.org/dotenv/-/dotenv-17.2.2.tgz",
            "integrity": "sha512-Sf2LSQP+bOlhKWWyhFsn0UsfdK/kCWRv1iuA2gXAwt3dyNabr6QSj00I2V10pidqz69soatm9ZwZvpQMTIOd5Q==",
            "license": "BSD-2-Clause",
            "engines": {
                "node": ">=12"
            },
            "funding": {
                "url": "https://dotenvx.com"
            }
        },
        "node_modules/enabled": {
            "version": "2.0.0",
            "license": "MIT"
        },
        "node_modules/fast-deep-equal": {
            "version": "3.1.3",
            "resolved": "https://registry.npmjs.org/fast-deep-equal/-/fast-deep-equal-3.1.3.tgz",
            "integrity": "sha512-f3qQ9oQy9j2AhBe/H9VC91wLmKBCCU/gDOnKNAYG5hswO7BLKj09Hc5HYNz9cGI++xlpDCIgDaitVs03ATR84Q==",
            "license": "MIT"
        },
        "node_modules/fecha": {
            "version": "4.2.3",
            "license": "MIT"
        },
        "node_modules/file-stream-rotator": {
            "version": "0.6.1",
            "license": "MIT",
            "dependencies": {
                "moment": "^2.29.1"
            }
        },
        "node_modules/fn.name": {
            "version": "1.1.0",
            "license": "MIT"
        },
        "node_modules/inherits": {
            "version": "2.0.4",
            "license": "ISC"
        },
        "node_modules/is-arrayish": {
            "version": "0.3.2",
            "license": "MIT"
        },
        "node_modules/is-stream": {
            "version": "2.0.1",
            "license": "MIT",
            "engines": {
                "node": ">=8"
            },
            "funding": {
                "url": "https://github.com/sponsors/sindresorhus"
            }
        },
        "node_modules/kuler": {
            "version": "2.0.0",
            "license": "MIT"
        },
        "node_modules/lodash": {
            "version": "4.17.21",
            "resolved": "https://registry.npmjs.org/lodash/-/lodash-4.17.21.tgz",
            "integrity": "sha512-v2kDEe57lecTulaDIuNTPy3Ry4gLGJ6Z1O3vE1krgXZNrsQ+LFTGHVxVjcXPs17LhbZVGedAJv8XZ1tvj5FvSg==",
            "license": "MIT"
        },
        "node_modules/lodash.snakecase": {
            "version": "4.1.1",
            "license": "MIT"
        },
        "node_modules/logform": {
            "version": "2.7.0",
            "license": "MIT",
            "dependencies": {
                "@colors/colors": "1.6.0",
                "@types/triple-beam": "^1.3.2",
                "fecha": "^4.2.0",
                "ms": "^2.1.1",
                "safe-stable-stringify": "^2.3.1",
                "triple-beam": "^1.3.0"
            },
            "engines": {
                "node": ">= 12.0.0"
            }
        },
        "node_modules/magic-bytes.js": {
            "version": "1.12.1",
            "license": "MIT"
        },
        "node_modules/moment": {
            "version": "2.30.1",
            "license": "MIT",
            "engines": {
                "node": "*"
            }
        },
        "node_modules/ms": {
            "version": "2.1.3",
            "license": "MIT"
        },
        "node_modules/object-hash": {
            "version": "3.0.0",
            "license": "MIT",
            "engines": {
                "node": ">= 6"
            }
        },
        "node_modules/one-time": {
            "version": "1.0.0",
            "license": "MIT",
            "dependencies": {
                "fn.name": "1.x.x"
            }
        },
        "node_modules/readable-stream": {
            "version": "3.6.2",
            "license": "MIT",
            "dependencies": {
                "inherits": "^2.0.3",
                "string_decoder": "^1.1.1",
                "util-deprecate": "^1.0.1"
            },
            "engines": {
                "node": ">= 6"
            }
        },
        "node_modules/safe-buffer": {
            "version": "5.2.1",
            "funding": [
                {
                    "type": "github",
                    "url": "https://github.com/sponsors/feross"
                },
                {
                    "type": "patreon",
                    "url": "https://www.patreon.com/feross"
                },
                {
                    "type": "consulting",
                    "url": "https://feross.org/support"
                }
            ],
            "license": "MIT"
        },
        "node_modules/safe-stable-stringify": {
            "version": "2.5.0",
            "license": "MIT",
            "engines": {
                "node": ">=10"
            }
        },
        "node_modules/simple-swizzle": {
            "version": "0.2.2",
            "license": "MIT",
            "dependencies": {
                "is-arrayish": "^0.3.1"
            }
        },
        "node_modules/stack-trace": {
            "version": "0.0.10",
            "license": "MIT",
            "engines": {
                "node": "*"
            }
        },
        "node_modules/string_decoder": {
            "version": "1.3.0",
            "license": "MIT",
            "dependencies": {
                "safe-buffer": "~5.2.0"
            }
        },
        "node_modules/text-hex": {
            "version": "1.0.0",
            "license": "MIT"
        },
        "node_modules/triple-beam": {
            "version": "1.4.1",
            "license": "MIT",
            "engines": {
                "node": ">= 14.0.0"
            }
        },
        "node_modules/ts-mixer": {
            "version": "6.0.4",
            "resolved": "https://registry.npmjs.org/ts-mixer/-/ts-mixer-6.0.4.tgz",
            "integrity": "sha512-ufKpbmrugz5Aou4wcr5Wc1UUFWOLhq+Fm6qa6P0w0K5Qw2yhaUoiWszhCVuNQyNwrlGiscHOmqYoAox1PtvgjA==",
            "license": "MIT"
        },
        "node_modules/tslib": {
            "version": "2.8.1",
            "license": "0BSD"
        },
        "node_modules/undici": {
            "version": "6.21.3",
            "license": "MIT",
            "engines": {
                "node": ">=18.17"
            }
        },
        "node_modules/undici-types": {
            "version": "7.10.0",
            "license": "MIT"
        },
        "node_modules/util-deprecate": {
            "version": "1.0.2",
            "license": "MIT"
        },
        "node_modules/winston": {
            "version": "3.17.0",
            "license": "MIT",
            "dependencies": {
                "@colors/colors": "^1.6.0",
                "@dabh/diagnostics": "^2.0.2",
                "async": "^3.2.3",
                "is-stream": "^2.0.0",
                "logform": "^2.7.0",
                "one-time": "^1.0.0",
                "readable-stream": "^3.4.0",
                "safe-stable-stringify": "^2.3.1",
                "stack-trace": "0.0.x",
                "triple-beam": "^1.3.0",
                "winston-transport": "^4.9.0"
            },
            "engines": {
                "node": ">= 12.0.0"
            }
        },
        "node_modules/winston-daily-rotate-file": {
            "version": "5.0.0",
            "license": "MIT",
            "dependencies": {
                "file-stream-rotator": "^0.6.1",
                "object-hash": "^3.0.0",
                "triple-beam": "^1.4.1",
                "winston-transport": "^4.7.0"
            },
            "engines": {
                "node": ">=8"
            },
            "peerDependencies": {
                "winston": "^3"
            }
        },
        "node_modules/winston-transport": {
            "version": "4.9.0",
            "license": "MIT",
            "dependencies": {
                "logform": "^2.7.0",
                "readable-stream": "^3.6.2",
                "triple-beam": "^1.3.0"
            },
            "engines": {
                "node": ">= 12.0.0"
            }
        },
        "node_modules/ws": {
            "version": "8.18.3",
            "license": "MIT",
            "engines": {
                "node": ">=10.0.0"
            },
            "peerDependencies": {
                "bufferutil": "^4.0.1",
                "utf-8-validate": ">=5.0.2"
            },
            "peerDependenciesMeta": {
                "bufferutil": {
                    "optional": true
                },
                "utf-8-validate": {
                    "optional": true
                }
            }
        }
    }
}
